
Microsoft Visual Studio Solution File, Format Version 12.00
# Visual Studio Version 17
VisualStudioVersion = 17.8.34330.188
MinimumVisualStudioVersion = 10.0.40219.1
Project("{8BC9CEB8-8B4A-11D0-8D11-00A0C91BC942}") = "Problem #1 - Fill Matrix", "Problem #1 - Fill Matrix\Problem #1 - Fill Matrix.vcxproj", "{D97E7EE4-577B-446B-85B2-84B2A99670D8}"
EndProject
Project("{8BC9CEB8-8B4A-11D0-8D11-00A0C91BC942}") = "Problem #4 - Sum Matrix Columns", "Problem #4 - Sum Matrix Columns\Problem #4 - Sum Matrix Columns.vcxproj", "{2D7CC6A3-576A-42C7-BA96-E6F6CC2FB5C5}"
EndProject
Project("{8BC9CEB8-8B4A-11D0-8D11-00A0C91BC942}") = "Problem #6 - Transpose Matrix", "Problem #6 - Sum Matrix Columns With Ordered Numbers\Problem #6 - Sum Matrix Columns With Ordered Numbers.vcxproj", "{A0D6171B-4420-41D2-B927-B7179F5370C4}"
EndProject
Project("{8BC9CEB8-8B4A-11D0-8D11-00A0C91BC942}") = "Problem #14 - Scalar Matrix", "Problem #14 - Scalar Matrix\Problem #14 - Scalar Matrix.vcxproj", "{5692111D-429A-4A64-8E81-83D82638D4F4}"
EndProject
Project("{8BC9CEB8-8B4A-11D0-8D11-00A0C91BC942}") = "Problem #20 - Is Palindrome Matrix", "Problem #20 - Is Palindrome Matrix\Problem #20 - Is Palindrome Matrix.vcxproj", "{0B0F8D93-9E3B-4F44-8524-826C31C5D931}"
EndProject
Project("{8BC9CEB8-8B4A-11D0-8D11-00A0C91BC942}") = "Problem #37 - Split String", "Problem #37 - Split String\Problem #37 - Split String.vcxproj", "{9EC9D77F-D99A-45F7-A2FC-53780A7365B8}"
EndProject
Project("{8BC9CEB8-8B4A-11D0-8D11-00A0C91BC942}") = "Problem #39 - Join String", "Problem #39 - Join String\Problem #39 - Join String.vcxproj", "{F7BEA485-5DA0-4E2E-839E-7DFDF7632FBC}"
EndProject
Project("{8BC9CEB8-8B4A-11D0-8D11-00A0C91BC942}") = "Problem #45 - Convert Client Bank Data Record To Line", "Problem #45 - Read Bank Client data\Problem #45 - Read Bank Client data.vcxproj", "{1FF0B5BC-05E7-4AA1-ADEF-9CC19DEF2F68}"
EndProject
Project("{8BC9CEB8-8B4A-11D0-8D11-00A0C91BC942}") = "Problem #46 - Convert Line  Bank Client data to Record", "Problem #46 - Convert Line  Bank Client data to Record\Problem #46 - Convert Line  Bank Client data to Record.vcxproj", "{3EF5DA1A-E33F-4E91-B48B-24CA174DFC10}"
EndProject
Project("{8BC9CEB8-8B4A-11D0-8D11-00A0C91BC942}") = "Problem #47 - Add Record to File", "Problem #47 - Add Record to File\Problem #47 - Add Record to File.vcxproj", "{DAFE0EA9-4E63-43AD-8044-B0FAC5505DD3}"
EndProject
Project("{8BC9CEB8-8B4A-11D0-8D11-00A0C91BC942}") = "Problem #48 - Read Record From File", "Problem #48 - Read Record From File\Problem #48 - Read Record From File.vcxproj", "{98DE59B0-CDFC-4330-B211-2A248FAA1F85}"
EndProject
Project("{8BC9CEB8-8B4A-11D0-8D11-00A0C91BC942}") = "Problem #49 - Find Record From File", "Problem #49 - Find Record From File\Problem #49 - Find Record From File.vcxproj", "{3EC02F05-F4C1-4AE0-AC2E-09477BA88FCA}"
EndProject
Project("{8BC9CEB8-8B4A-11D0-8D11-00A0C91BC942}") = "Problem #50 - Delete Record From File", "Problem #50 - Delete Record From File\Problem #50 - Delete Record From File.vcxproj", "{7554E74D-CAF2-4106-8275-D2E3CCE4A586}"
EndProject
Global
	GlobalSection(SolutionConfigurationPlatforms) = preSolution
		Debug|x64 = Debug|x64
		Debug|x86 = Debug|x86
		Release|x64 = Release|x64
		Release|x86 = Release|x86
	EndGlobalSection
	GlobalSection(ProjectConfigurationPlatforms) = postSolution
		{D97E7EE4-577B-446B-85B2-84B2A99670D8}.Debug|x64.ActiveCfg = Debug|x64
		{D97E7EE4-577B-446B-85B2-84B2A99670D8}.Debug|x64.Build.0 = Debug|x64
		{D97E7EE4-577B-446B-85B2-84B2A99670D8}.Debug|x86.ActiveCfg = Debug|Win32
		{D97E7EE4-577B-446B-85B2-84B2A99670D8}.Debug|x86.Build.0 = Debug|Win32
		{D97E7EE4-577B-446B-85B2-84B2A99670D8}.Release|x64.ActiveCfg = Release|x64
		{D97E7EE4-577B-446B-85B2-84B2A99670D8}.Release|x64.Build.0 = Release|x64
		{D97E7EE4-577B-446B-85B2-84B2A99670D8}.Release|x86.ActiveCfg = Release|Win32
		{D97E7EE4-577B-446B-85B2-84B2A99670D8}.Release|x86.Build.0 = Release|Win32
		{2D7CC6A3-576A-42C7-BA96-E6F6CC2FB5C5}.Debug|x64.ActiveCfg = Debug|x64
		{2D7CC6A3-576A-42C7-BA96-E6F6CC2FB5C5}.Debug|x64.Build.0 = Debug|x64
		{2D7CC6A3-576A-42C7-BA96-E6F6CC2FB5C5}.Debug|x86.ActiveCfg = Debug|Win32
		{2D7CC6A3-576A-42C7-BA96-E6F6CC2FB5C5}.Debug|x86.Build.0 = Debug|Win32
		{2D7CC6A3-576A-42C7-BA96-E6F6CC2FB5C5}.Release|x64.ActiveCfg = Release|x64
		{2D7CC6A3-576A-42C7-BA96-E6F6CC2FB5C5}.Release|x64.Build.0 = Release|x64
		{2D7CC6A3-576A-42C7-BA96-E6F6CC2FB5C5}.Release|x86.ActiveCfg = Release|Win32
		{2D7CC6A3-576A-42C7-BA96-E6F6CC2FB5C5}.Release|x86.Build.0 = Release|Win32
		{A0D6171B-4420-41D2-B927-B7179F5370C4}.Debug|x64.ActiveCfg = Debug|x64
		{A0D6171B-4420-41D2-B927-B7179F5370C4}.Debug|x64.Build.0 = Debug|x64
		{A0D6171B-4420-41D2-B927-B7179F5370C4}.Debug|x86.ActiveCfg = Debug|Win32
		{A0D6171B-4420-41D2-B927-B7179F5370C4}.Debug|x86.Build.0 = Debug|Win32
		{A0D6171B-4420-41D2-B927-B7179F5370C4}.Release|x64.ActiveCfg = Release|x64
		{A0D6171B-4420-41D2-B927-B7179F5370C4}.Release|x64.Build.0 = Release|x64
		{A0D6171B-4420-41D2-B927-B7179F5370C4}.Release|x86.ActiveCfg = Release|Win32
		{A0D6171B-4420-41D2-B927-B7179F5370C4}.Release|x86.Build.0 = Release|Win32
		{5692111D-429A-4A64-8E81-83D82638D4F4}.Debug|x64.ActiveCfg = Debug|x64
		{5692111D-429A-4A64-8E81-83D82638D4F4}.Debug|x64.Build.0 = Debug|x64
		{5692111D-429A-4A64-8E81-83D82638D4F4}.Debug|x86.ActiveCfg = Debug|Win32
		{5692111D-429A-4A64-8E81-83D82638D4F4}.Debug|x86.Build.0 = Debug|Win32
		{5692111D-429A-4A64-8E81-83D82638D4F4}.Release|x64.ActiveCfg = Release|x64
		{5692111D-429A-4A64-8E81-83D82638D4F4}.Release|x64.Build.0 = Release|x64
		{5692111D-429A-4A64-8E81-83D82638D4F4}.Release|x86.ActiveCfg = Release|Win32
		{5692111D-429A-4A64-8E81-83D82638D4F4}.Release|x86.Build.0 = Release|Win32
		{0B0F8D93-9E3B-4F44-8524-826C31C5D931}.Debug|x64.ActiveCfg = Debug|x64
		{0B0F8D93-9E3B-4F44-8524-826C31C5D931}.Debug|x64.Build.0 = Debug|x64
		{0B0F8D93-9E3B-4F44-8524-826C31C5D931}.Debug|x86.ActiveCfg = Debug|Win32
		{0B0F8D93-9E3B-4F44-8524-826C31C5D931}.Debug|x86.Build.0 = Debug|Win32
		{0B0F8D93-9E3B-4F44-8524-826C31C5D931}.Release|x64.ActiveCfg = Release|x64
		{0B0F8D93-9E3B-4F44-8524-826C31C5D931}.Release|x64.Build.0 = Release|x64
		{0B0F8D93-9E3B-4F44-8524-826C31C5D931}.Release|x86.ActiveCfg = Release|Win32
		{0B0F8D93-9E3B-4F44-8524-826C31C5D931}.Release|x86.Build.0 = Release|Win32
		{9EC9D77F-D99A-45F7-A2FC-53780A7365B8}.Debug|x64.ActiveCfg = Debug|x64
		{9EC9D77F-D99A-45F7-A2FC-53780A7365B8}.Debug|x64.Build.0 = Debug|x64
		{9EC9D77F-D99A-45F7-A2FC-53780A7365B8}.Debug|x86.ActiveCfg = Debug|Win32
		{9EC9D77F-D99A-45F7-A2FC-53780A7365B8}.Debug|x86.Build.0 = Debug|Win32
		{9EC9D77F-D99A-45F7-A2FC-53780A7365B8}.Release|x64.ActiveCfg = Release|x64
		{9EC9D77F-D99A-45F7-A2FC-53780A7365B8}.Release|x64.Build.0 = Release|x64
		{9EC9D77F-D99A-45F7-A2FC-53780A7365B8}.Release|x86.ActiveCfg = Release|Win32
		{9EC9D77F-D99A-45F7-A2FC-53780A7365B8}.Release|x86.Build.0 = Release|Win32
		{F7BEA485-5DA0-4E2E-839E-7DFDF7632FBC}.Debug|x64.ActiveCfg = Debug|x64
		{F7BEA485-5DA0-4E2E-839E-7DFDF7632FBC}.Debug|x64.Build.0 = Debug|x64
		{F7BEA485-5DA0-4E2E-839E-7DFDF7632FBC}.Debug|x86.ActiveCfg = Debug|Win32
		{F7BEA485-5DA0-4E2E-839E-7DFDF7632FBC}.Debug|x86.Build.0 = Debug|Win32
		{F7BEA485-5DA0-4E2E-839E-7DFDF7632FBC}.Release|x64.ActiveCfg = Release|x64
		{F7BEA485-5DA0-4E2E-839E-7DFDF7632FBC}.Release|x64.Build.0 = Release|x64
		{F7BEA485-5DA0-4E2E-839E-7DFDF7632FBC}.Release|x86.ActiveCfg = Release|Win32
		{F7BEA485-5DA0-4E2E-839E-7DFDF7632FBC}.Release|x86.Build.0 = Release|Win32
		{1FF0B5BC-05E7-4AA1-ADEF-9CC19DEF2F68}.Debug|x64.ActiveCfg = Debug|x64
		{1FF0B5BC-05E7-4AA1-ADEF-9CC19DEF2F68}.Debug|x64.Build.0 = Debug|x64
		{1FF0B5BC-05E7-4AA1-ADEF-9CC19DEF2F68}.Debug|x86.ActiveCfg = Debug|Win32
		{1FF0B5BC-05E7-4AA1-ADEF-9CC19DEF2F68}.Debug|x86.Build.0 = Debug|Win32
		{1FF0B5BC-05E7-4AA1-ADEF-9CC19DEF2F68}.Release|x64.ActiveCfg = Release|x64
		{1FF0B5BC-05E7-4AA1-ADEF-9CC19DEF2F68}.Release|x64.Build.0 = Release|x64
		{1FF0B5BC-05E7-4AA1-ADEF-9CC19DEF2F68}.Release|x86.ActiveCfg = Release|Win32
		{1FF0B5BC-05E7-4AA1-ADEF-9CC19DEF2F68}.Release|x86.Build.0 = Release|Win32
		{3EF5DA1A-E33F-4E91-B48B-24CA174DFC10}.Debug|x64.ActiveCfg = Debug|x64
		{3EF5DA1A-E33F-4E91-B48B-24CA174DFC10}.Debug|x64.Build.0 = Debug|x64
		{3EF5DA1A-E33F-4E91-B48B-24CA174DFC10}.Debug|x86.ActiveCfg = Debug|Win32
		{3EF5DA1A-E33F-4E91-B48B-24CA174DFC10}.Debug|x86.Build.0 = Debug|Win32
		{3EF5DA1A-E33F-4E91-B48B-24CA174DFC10}.Release|x64.ActiveCfg = Release|x64
		{3EF5DA1A-E33F-4E91-B48B-24CA174DFC10}.Release|x64.Build.0 = Release|x64
		{3EF5DA1A-E33F-4E91-B48B-24CA174DFC10}.Release|x86.ActiveCfg = Release|Win32
		{3EF5DA1A-E33F-4E91-B48B-24CA174DFC10}.Release|x86.Build.0 = Release|Win32
		{DAFE0EA9-4E63-43AD-8044-B0FAC5505DD3}.Debug|x64.ActiveCfg = Debug|x64
		{DAFE0EA9-4E63-43AD-8044-B0FAC5505DD3}.Debug|x64.Build.0 = Debug|x64
		{DAFE0EA9-4E63-43AD-8044-B0FAC5505DD3}.Debug|x86.ActiveCfg = Debug|Win32
		{DAFE0EA9-4E63-43AD-8044-B0FAC5505DD3}.Debug|x86.Build.0 = Debug|Win32
		{DAFE0EA9-4E63-43AD-8044-B0FAC5505DD3}.Release|x64.ActiveCfg = Release|x64
		{DAFE0EA9-4E63-43AD-8044-B0FAC5505DD3}.Release|x64.Build.0 = Release|x64
		{DAFE0EA9-4E63-43AD-8044-B0FAC5505DD3}.Release|x86.ActiveCfg = Release|Win32
		{DAFE0EA9-4E63-43AD-8044-B0FAC5505DD3}.Release|x86.Build.0 = Release|Win32
		{98DE59B0-CDFC-4330-B211-2A248FAA1F85}.Debug|x64.ActiveCfg = Debug|x64
		{98DE59B0-CDFC-4330-B211-2A248FAA1F85}.Debug|x64.Build.0 = Debug|x64
		{98DE59B0-CDFC-4330-B211-2A248FAA1F85}.Debug|x86.ActiveCfg = Debug|Win32
		{98DE59B0-CDFC-4330-B211-2A248FAA1F85}.Debug|x86.Build.0 = Debug|Win32
		{98DE59B0-CDFC-4330-B211-2A248FAA1F85}.Release|x64.ActiveCfg = Release|x64
		{98DE59B0-CDFC-4330-B211-2A248FAA1F85}.Release|x64.Build.0 = Release|x64
		{98DE59B0-CDFC-4330-B211-2A248FAA1F85}.Release|x86.ActiveCfg = Release|Win32
		{98DE59B0-CDFC-4330-B211-2A248FAA1F85}.Release|x86.Build.0 = Release|Win32
		{3EC02F05-F4C1-4AE0-AC2E-09477BA88FCA}.Debug|x64.ActiveCfg = Debug|x64
		{3EC02F05-F4C1-4AE0-AC2E-09477BA88FCA}.Debug|x64.Build.0 = Debug|x64
		{3EC02F05-F4C1-4AE0-AC2E-09477BA88FCA}.Debug|x86.ActiveCfg = Debug|Win32
		{3EC02F05-F4C1-4AE0-AC2E-09477BA88FCA}.Debug|x86.Build.0 = Debug|Win32
		{3EC02F05-F4C1-4AE0-AC2E-09477BA88FCA}.Release|x64.ActiveCfg = Release|x64
		{3EC02F05-F4C1-4AE0-AC2E-09477BA88FCA}.Release|x64.Build.0 = Release|x64
		{3EC02F05-F4C1-4AE0-AC2E-09477BA88FCA}.Release|x86.ActiveCfg = Release|Win32
		{3EC02F05-F4C1-4AE0-AC2E-09477BA88FCA}.Release|x86.Build.0 = Release|Win32
		{7554E74D-CAF2-4106-8275-D2E3CCE4A586}.Debug|x64.ActiveCfg = Debug|x64
		{7554E74D-CAF2-4106-8275-D2E3CCE4A586}.Debug|x64.Build.0 = Debug|x64
		{7554E74D-CAF2-4106-8275-D2E3CCE4A586}.Debug|x86.ActiveCfg = Debug|Win32
		{7554E74D-CAF2-4106-8275-D2E3CCE4A586}.Debug|x86.Build.0 = Debug|Win32
		{7554E74D-CAF2-4106-8275-D2E3CCE4A586}.Release|x64.ActiveCfg = Release|x64
		{7554E74D-CAF2-4106-8275-D2E3CCE4A586}.Release|x64.Build.0 = Release|x64
		{7554E74D-CAF2-4106-8275-D2E3CCE4A586}.Release|x86.ActiveCfg = Release|Win32
		{7554E74D-CAF2-4106-8275-D2E3CCE4A586}.Release|x86.Build.0 = Release|Win32
	EndGlobalSection
	GlobalSection(SolutionProperties) = preSolution
		HideSolutionNode = FALSE
	EndGlobalSection
	GlobalSection(ExtensibilityGlobals) = postSolution
		SolutionGuid = {9C16F325-F46B-4F72-A5E7-95B006D35A46}
	EndGlobalSection
EndGlobal
